
Microsoft Visual Studio Solution File, Format Version 12.00
# Visual Studio Version 16
VisualStudioVersion = 16.0.29102.190
MinimumVisualStudioVersion = 10.0.40219.1
Project("{FAE04EC0-301F-11D3-BF4B-00C04F79EFBC}") = "AutoML_ModelBuilder", "AutoML_ModelBuilder\AutoML_ModelBuilder.csproj", "{DF68C4E0-B945-42A1-B37F-C26CD5D677B3}"
EndProject
Global
	GlobalSection(SolutionConfigurationPlatforms) = preSolution
		Debug|Any CPU = Debug|Any CPU
		Release|Any CPU = Release|Any CPU
	EndGlobalSection
	GlobalSection(ProjectConfigurationPlatforms) = postSolution
		{DF68C4E0-B945-42A1-B37F-C26CD5D677B3}.Debug|Any CPU.ActiveCfg = Debug|Any CPU
		{DF68C4E0-B945-42A1-B37F-C26CD5D677B3}.Debug|Any CPU.Build.0 = Debug|Any CPU
		{DF68C4E0-B945-42A1-B37F-C26CD5D677B3}.Release|Any CPU.ActiveCfg = Release|Any CPU
		{DF68C4E0-B945-42A1-B37F-C26CD5D677B3}.Release|Any CPU.Build.0 = Release|Any CPU
	EndGlobalSection
	GlobalSection(SolutionProperties) = preSolution
		HideSolutionNode = FALSE
	EndGlobalSection
	GlobalSection(ExtensibilityGlobals) = postSolution
		SolutionGuid = {2C590DCA-D8D5-4717-B247-9E97B90C8F12}
	EndGlobalSection
EndGlobal
